
Microsoft Visual Studio Solution File, Format Version 11.00
# Visual Studio 2010
Project("{8BC9CEB8-8B4A-11D0-8D11-00A0C91BC942}") = "fileee", "fileee\fileee.vcxproj", "{82219ED1-3E15-4D89-99B6-8516D715116B}"
EndProject
Global
	GlobalSection(SolutionConfigurationPlatforms) = preSolution
		Debug|Win32 = Debug|Win32
		Release|Win32 = Release|Win32
	EndGlobalSection
	GlobalSection(ProjectConfigurationPlatforms) = postSolution
		{82219ED1-3E15-4D89-99B6-8516D715116B}.Debug|Win32.ActiveCfg = Debug|Win32
		{82219ED1-3E15-4D89-99B6-8516D715116B}.Debug|Win32.Build.0 = Debug|Win32
		{82219ED1-3E15-4D89-99B6-8516D715116B}.Release|Win32.ActiveCfg = Release|Win32
		{82219ED1-3E15-4D89-99B6-8516D715116B}.Release|Win32.Build.0 = Release|Win32
	EndGlobalSection
	GlobalSection(SolutionProperties) = preSolution
		HideSolutionNode = FALSE
	EndGlobalSection
EndGlobal
